
Microsoft Visual Studio Solution File, Format Version 12.00
# Visual Studio 2012
Project("{FAE04EC0-301F-11D3-BF4B-00C04F79EFBC}") = "TableListPlugin", "WizardCommands\TableListPlugin.csproj", "{1108A327-9D62-4E31-BE1D-613A61A7E366}"
EndProject
Project("{FAE04EC0-301F-11D3-BF4B-00C04F79EFBC}") = "UnitTestApp", "UnitTestApp\UnitTestApp.csproj", "{95FEB130-47C2-4AC8-B8BB-B8905D850038}"
EndProject
Global
	GlobalSection(SolutionConfigurationPlatforms) = preSolution
		Debug|Any CPU = Debug|Any CPU
		Release|Any CPU = Release|Any CPU
	EndGlobalSection
	GlobalSection(ProjectConfigurationPlatforms) = postSolution
		{1108A327-9D62-4E31-BE1D-613A61A7E366}.Debug|Any CPU.ActiveCfg = Debug|Any CPU
		{1108A327-9D62-4E31-BE1D-613A61A7E366}.Debug|Any CPU.Build.0 = Debug|Any CPU
		{1108A327-9D62-4E31-BE1D-613A61A7E366}.Release|Any CPU.ActiveCfg = Release|Any CPU
		{1108A327-9D62-4E31-BE1D-613A61A7E366}.Release|Any CPU.Build.0 = Release|Any CPU
		{95FEB130-47C2-4AC8-B8BB-B8905D850038}.Debug|Any CPU.ActiveCfg = Debug|Any CPU
		{95FEB130-47C2-4AC8-B8BB-B8905D850038}.Debug|Any CPU.Build.0 = Debug|Any CPU
		{95FEB130-47C2-4AC8-B8BB-B8905D850038}.Release|Any CPU.ActiveCfg = Release|Any CPU
		{95FEB130-47C2-4AC8-B8BB-B8905D850038}.Release|Any CPU.Build.0 = Release|Any CPU
	EndGlobalSection
	GlobalSection(SolutionProperties) = preSolution
		HideSolutionNode = FALSE
	EndGlobalSection
EndGlobal
